
Microsoft Visual Studio Solution File, Format Version 12.00
# Visual Studio Version 17
VisualStudioVersion = 17.13.35825.156 d17.13
MinimumVisualStudioVersion = 10.0.40219.1
Project("{FAE04EC0-301F-11D3-BF4B-00C04F79EFBC}") = "Villegas_SEMIFINALACTIVITY1", "Villegas_SEMIFINALACTIVITY1\Villegas_SEMIFINALACTIVITY1.csproj", "{C9076DBB-2393-4F67-9D17-D20DB974CBD9}"
EndProject
Global
	GlobalSection(SolutionConfigurationPlatforms) = preSolution
		Debug|Any CPU = Debug|Any CPU
		Release|Any CPU = Release|Any CPU
	EndGlobalSection
	GlobalSection(ProjectConfigurationPlatforms) = postSolution
		{C9076DBB-2393-4F67-9D17-D20DB974CBD9}.Debug|Any CPU.ActiveCfg = Debug|Any CPU
		{C9076DBB-2393-4F67-9D17-D20DB974CBD9}.Debug|Any CPU.Build.0 = Debug|Any CPU
		{C9076DBB-2393-4F67-9D17-D20DB974CBD9}.Release|Any CPU.ActiveCfg = Release|Any CPU
		{C9076DBB-2393-4F67-9D17-D20DB974CBD9}.Release|Any CPU.Build.0 = Release|Any CPU
	EndGlobalSection
	GlobalSection(SolutionProperties) = preSolution
		HideSolutionNode = FALSE
	EndGlobalSection
	GlobalSection(ExtensibilityGlobals) = postSolution
		SolutionGuid = {C761B650-F5BB-47C9-8AF8-86DDBA6C2DB3}
	EndGlobalSection
EndGlobal
