
Microsoft Visual Studio Solution File, Format Version 12.00
# Visual Studio Version 17
VisualStudioVersion = 17.13.35825.156 d17.13
MinimumVisualStudioVersion = 10.0.40219.1
Project("{FAE04EC0-301F-11D3-BF4B-00C04F79EFBC}") = "Activity2B", "Activity2B\Activity2B.csproj", "{2AA16C67-7F52-469C-BE7F-493631010BFD}"
EndProject
Global
	GlobalSection(SolutionConfigurationPlatforms) = preSolution
		Debug|Any CPU = Debug|Any CPU
		Release|Any CPU = Release|Any CPU
	EndGlobalSection
	GlobalSection(ProjectConfigurationPlatforms) = postSolution
		{2AA16C67-7F52-469C-BE7F-493631010BFD}.Debug|Any CPU.ActiveCfg = Debug|Any CPU
		{2AA16C67-7F52-469C-BE7F-493631010BFD}.Debug|Any CPU.Build.0 = Debug|Any CPU
		{2AA16C67-7F52-469C-BE7F-493631010BFD}.Release|Any CPU.ActiveCfg = Release|Any CPU
		{2AA16C67-7F52-469C-BE7F-493631010BFD}.Release|Any CPU.Build.0 = Release|Any CPU
	EndGlobalSection
	GlobalSection(SolutionProperties) = preSolution
		HideSolutionNode = FALSE
	EndGlobalSection
	GlobalSection(ExtensibilityGlobals) = postSolution
		SolutionGuid = {C5048118-23F9-415A-9B46-401C1852C44A}
	EndGlobalSection
EndGlobal
